// !$*UTF8*$!
{
	archiveVersion = 1;
	classes = {
	};
	objectVersion = 46;
	objects = {

/* Begin PBXBuildFile section */
		D4662C9C1A8AD5A100ED3A02 /* AppDelegate.swift in Sources */ = {isa = PBXBuildFile; fileRef = D4662C9B1A8AD5A100ED3A02 /* AppDelegate.swift */; };
		D4662C9E1A8AD5A100ED3A02 /* ViewController.swift in Sources */ = {isa = PBXBuildFile; fileRef = D4662C9D1A8AD5A100ED3A02 /* ViewController.swift */; };
		D4662CA11A8AD5A100ED3A02 /* Main.storyboard in Resources */ = {isa = PBXBuildFile; fileRef = D4662C9F1A8AD5A100ED3A02 /* Main.storyboard */; };
		D4662CA31A8AD5A100ED3A02 /* Images.xcassets in Resources */ = {isa = PBXBuildFile; fileRef = D4662CA21A8AD5A100ED3A02 /* Images.xcassets */; };
		D4662CA61A8AD5A100ED3A02 /* LaunchScreen.xib in Resources */ = {isa = PBXBuildFile; fileRef = D4662CA41A8AD5A100ED3A02 /* LaunchScreen.xib */; };
		D4662CB21A8AD5A100ED3A02 /* FurryFriendsTests.swift in Sources */ = {isa = PBXBuildFile; fileRef = D4662CB11A8AD5A100ED3A02 /* FurryFriendsTests.swift */; };
/* End PBXBuildFile section */

/* Begin PBXContainerItemProxy section */
		D4662CAC1A8AD5A100ED3A02 /* PBXContainerItemProxy */ = {
			isa = PBXContainerItemProxy;
			containerPortal = D4662C8E1A8AD5A100ED3A02 /* Project object */;
			proxyType = 1;
			remoteGlobalIDString = D4662C951A8AD5A100ED3A02;
			remoteInfo = FurryFriends;
		};
/* End PBXContainerItemProxy section */

/* Begin PBXFileReference section */
		D4662C961A8AD5A100ED3A02 /* FurryFriends.app */ = {isa = PBXFileReference; explicitFileType = wrapper.application; includeInIndex = 0; path = FurryFriends.app; sourceTree = BUILT_PRODUCTS_DIR; };
		D4662C9A1A8AD5A100ED3A02 /* Info.plist */ = {isa = PBXFileReference; lastKnownFileType = text.plist.xml; path = Info.plist; sourceTree = "<group>"; };
		D4662C9B1A8AD5A100ED3A02 /* AppDelegate.swift */ = {isa = PBXFileReference; lastKnownFileType = sourcecode.swift; path = AppDelegate.swift; sourceTree = "<group>"; };
		D4662C9D1A8AD5A100ED3A02 /* ViewController.swift */ = {isa = PBXFileReference; lastKnownFileType = sourcecode.swift; path = ViewController.swift; sourceTree = "<group>"; };
		D4662CA01A8AD5A100ED3A02 /* Base */ = {isa = PBXFileReference; lastKnownFileType = file.storyboard; name = Base; path = Base.lproj/Main.storyboard; sourceTree = "<group>"; };
		D4662CA21A8AD5A100ED3A02 /* Images.xcassets */ = {isa = PBXFileReference; lastKnownFileType = folder.assetcatalog; path = Images.xcassets; sourceTree = "<group>"; };
		D4662CA51A8AD5A100ED3A02 /* Base */ = {isa = PBXFileReference; lastKnownFileType = file.xib; name = Base; path = Base.lproj/LaunchScreen.xib; sourceTree = "<group>"; };
		D4662CAB1A8AD5A100ED3A02 /* FurryFriendsTests.xctest */ = {isa = PBXFileReference; explicitFileType = wrapper.cfbundle; includeInIndex = 0; path = FurryFriendsTests.xctest; sourceTree = BUILT_PRODUCTS_DIR; };
		D4662CB01A8AD5A100ED3A02 /* Info.plist */ = {isa = PBXFileReference; lastKnownFileType = text.plist.xml; path = Info.plist; sourceTree = "<group>"; };
		D4662CB11A8AD5A100ED3A02 /* FurryFriendsTests.swift */ = {isa = PBXFileReference; lastKnownFileType = sourcecode.swift; path = FurryFriendsTests.swift; sourceTree = "<group>"; };
/* End PBXFileReference section */

/* Begin PBXFrameworksBuildPhase section */
		D4662C931A8AD5A100ED3A02 /* Frameworks */ = {
			isa = PBXFrameworksBuildPhase;
			buildActionMask = 2147483647;
			files = (
			);
			runOnlyForDeploymentPostprocessing = 0;
		};
		D4662CA81A8AD5A100ED3A02 /* Frameworks */ = {
			isa = PBXFrameworksBuildPhase;
			buildActionMask = 2147483647;
			files = (
			);
			runOnlyForDeploymentPostprocessing = 0;
		};
/* End PBXFrameworksBuildPhase section */

/* Begin PBXGroup section */
		D4662C8D1A8AD5A100ED3A02 = {
			isa = PBXGroup;
			children = (
				D4662C981A8AD5A100ED3A02 /* FurryFriends */,
				D4662CAE1A8AD5A100ED3A02 /* FurryFriendsTests */,
				D4662C971A8AD5A100ED3A02 /* Products */,
			);
			sourceTree = "<group>";
		};
		D4662C971A8AD5A100ED3A02 /* Products */ = {
			isa = PBXGroup;
			children = (
				D4662C961A8AD5A100ED3A02 /* FurryFriends.app */,
				D4662CAB1A8AD5A100ED3A02 /* FurryFriendsTests.xctest */,
			);
			name = Products;
			sourceTree = "<group>";
		};
		D4662C981A8AD5A100ED3A02 /* FurryFriends */ = {
			isa = PBXGroup;
			children = (
				D4662C9B1A8AD5A100ED3A02 /* AppDelegate.swift */,
				D4662C9D1A8AD5A100ED3A02 /* ViewController.swift */,
				D4662C9F1A8AD5A100ED3A02 /* Main.storyboard */,
				D4662CA21A8AD5A100ED3A02 /* Images.xcassets */,
				D4662CA41A8AD5A100ED3A02 /* LaunchScreen.xib */,
				D4662C991A8AD5A100ED3A02 /* Supporting Files */,
			);
			path = FurryFriends;
			sourceTree = "<group>";
		};
		D4662C991A8AD5A100ED3A02 /* Supporting Files */ = {
			isa = PBXGroup;
			children = (
				D4662C9A1A8AD5A100ED3A02 /* Info.plist */,
			);
			name = "Supporting Files";
			sourceTree = "<group>";
		};
		D4662CAE1A8AD5A100ED3A02 /* FurryFriendsTests */ = {
			isa = PBXGroup;
			children = (
				D4662CB11A8AD5A100ED3A02 /* FurryFriendsTests.swift */,
				D4662CAF1A8AD5A100ED3A02 /* Supporting Files */,
			);
			path = FurryFriendsTests;
			sourceTree = "<group>";
		};
		D4662CAF1A8AD5A100ED3A02 /* Supporting Files */ = {
			isa = PBXGroup;
			children = (
				D4662CB01A8AD5A100ED3A02 /* Info.plist */,
			);
			name = "Supporting Files";
			sourceTree = "<group>";
		};
/* End PBXGroup section */

/* Begin PBXNativeTarget section */
		D4662C951A8AD5A100ED3A02 /* FurryFriends */ = {
			isa = PBXNativeTarget;
			buildConfigurationList = D4662CB51A8AD5A100ED3A02 /* Build configuration list for PBXNativeTarget "FurryFriends" */;
			buildPhases = (
				D4662C921A8AD5A100ED3A02 /* Sources */,
				D4662C931A8AD5A100ED3A02 /* Frameworks */,
				D4662C941A8AD5A100ED3A02 /* Resources */,
			);
			buildRules = (
			);
			dependencies = (
			);
			name = FurryFriends;
			productName = FurryFriends;
			productReference = D4662C961A8AD5A100ED3A02 /* FurryFriends.app */;
			productType = "com.apple.product-type.application";
		};
		D4662CAA1A8AD5A100ED3A02 /* FurryFriendsTests */ = {
			isa = PBXNativeTarget;
			buildConfigurationList = D4662CB81A8AD5A100ED3A02 /* Build configuration list for PBXNativeTarget "FurryFriendsTests" */;
			buildPhases = (
				D4662CA71A8AD5A100ED3A02 /* Sources */,
				D4662CA81A8AD5A100ED3A02 /* Frameworks */,
				D4662CA91A8AD5A100ED3A02 /* Resources */,
			);
			buildRules = (
			);
			dependencies = (
				D4662CAD1A8AD5A100ED3A02 /* PBXTargetDependency */,
			);
			name = FurryFriendsTests;
			productName = FurryFriendsTests;
			productReference = D4662CAB1A8AD5A100ED3A02 /* FurryFriendsTests.xctest */;
			productType = "com.apple.product-type.bundle.unit-test";
		};
/* End PBXNativeTarget section */

/* Begin PBXProject section */
		D4662C8E1A8AD5A100ED3A02 /* Project object */ = {
			isa = PBXProject;
			attributes = {
				LastUpgradeCheck = 0610;
				ORGANIZATIONNAME = Yahoo;
				TargetAttributes = {
					D4662C951A8AD5A100ED3A02 = {
						CreatedOnToolsVersion = 6.1.1;
					};
					D4662CAA1A8AD5A100ED3A02 = {
						CreatedOnToolsVersion = 6.1.1;
						TestTargetID = D4662C951A8AD5A100ED3A02;
					};
				};
			};
			buildConfigurationList = D4662C911A8AD5A100ED3A02 /* Build configuration list for PBXProject "FurryFriends" */;
			compatibilityVersion = "Xcode 3.2";
			developmentRegion = English;
			hasScannedForEncodings = 0;
			knownRegions = (
				en,
				Base,
			);
			mainGroup = D4662C8D1A8AD5A100ED3A02;
			productRefGroup = D4662C971A8AD5A100ED3A02 /* Products */;
			projectDirPath = "";
			projectRoot = "";
			targets = (
				D4662C951A8AD5A100ED3A02 /* FurryFriends */,
				D4662CAA1A8AD5A100ED3A02 /* FurryFriendsTests */,
			);
		};
/* End PBXProject section */

/* Begin PBXResourcesBuildPhase section */
		D4662C941A8AD5A100ED3A02 /* Resources */ = {
			isa = PBXResourcesBuildPhase;
			buildActionMask = 2147483647;
			files = (
				D4662CA11A8AD5A100ED3A02 /* Main.storyboard in Resources */,
				D4662CA61A8AD5A100ED3A02 /* LaunchScreen.xib in Resources */,
				D4662CA31A8AD5A100ED3A02 /* Images.xcassets in Resources */,
			);
			runOnlyForDeploymentPostprocessing = 0;
		};
		D4662CA91A8AD5A100ED3A02 /* Resources */ = {
			isa = PBXResourcesBuildPhase;
			buildActionMask = 2147483647;
			files = (
			);
			runOnlyForDeploymentPostprocessing = 0;
		};
/* End PBXResourcesBuildPhase section */

/* Begin PBXSourcesBuildPhase section */
		D4662C921A8AD5A100ED3A02 /* Sources */ = {
			isa = PBXSourcesBuildPhase;
			buildActionMask = 2147483647;
			files = (
				D4662C9E1A8AD5A100ED3A02 /* ViewController.swift in Sources */,
				D4662C9C1A8AD5A100ED3A02 /* AppDelegate.swift in Sources */,
			);
			runOnlyForDeploymentPostprocessing = 0;
		};
		D4662CA71A8AD5A100ED3A02 /* Sources */ = {
			isa = PBXSourcesBuildPhase;
			buildActionMask = 2147483647;
			files = (
				D4662CB21A8AD5A100ED3A02 /* FurryFriendsTests.swift in Sources */,
			);
			runOnlyForDeploymentPostprocessing = 0;
		};
/* End PBXSourcesBuildPhase section */

/* Begin PBXTargetDependency section */
		D4662CAD1A8AD5A100ED3A02 /* PBXTargetDependency */ = {
			isa = PBXTargetDependency;
			target = D4662C951A8AD5A100ED3A02 /* FurryFriends */;
			targetProxy = D4662CAC1A8AD5A100ED3A02 /* PBXContainerItemProxy */;
		};
/* End PBXTargetDependency section */

/* Begin PBXVariantGroup section */
		D4662C9F1A8AD5A100ED3A02 /* Main.storyboard */ = {
			isa = PBXVariantGroup;
			children = (
				D4662CA01A8AD5A100ED3A02 /* Base */,
			);
			name = Main.storyboard;
			sourceTree = "<group>";
		};
		D4662CA41A8AD5A100ED3A02 /* LaunchScreen.xib */ = {
			isa = PBXVariantGroup;
			children = (
				D4662CA51A8AD5A100ED3A02 /* Base */,
			);
			name = LaunchScreen.xib;
			sourceTree = "<group>";
		};
/* End PBXVariantGroup section */

/* Begin XCBuildConfiguration section */
		D4662CB31A8AD5A100ED3A02 /* Debug */ = {
			isa = XCBuildConfiguration;
			buildSettings = {
				ALWAYS_SEARCH_USER_PATHS = NO;
				CLANG_CXX_LANGUAGE_STANDARD = "gnu++0x";
				CLANG_CXX_LIBRARY = "libc++";
				CLANG_ENABLE_MODULES = YES;
				CLANG_ENABLE_OBJC_ARC = YES;
				CLANG_WARN_BOOL_CONVERSION = YES;
				CLANG_WARN_CONSTANT_CONVERSION = YES;
				CLANG_WARN_DIRECT_OBJC_ISA_USAGE = YES_ERROR;
				CLANG_WARN_EMPTY_BODY = YES;
				CLANG_WARN_ENUM_CONVERSION = YES;
				CLANG_WARN_INT_CONVERSION = YES;
				CLANG_WARN_OBJC_ROOT_CLASS = YES_ERROR;
				CLANG_WARN_UNREACHABLE_CODE = YES;
				CLANG_WARN__DUPLICATE_METHOD_MATCH = YES;
				"CODE_SIGN_IDENTITY[sdk=iphoneos*]" = "iPhone Developer";
				COPY_PHASE_STRIP = NO;
				ENABLE_STRICT_OBJC_MSGSEND = YES;
				GCC_C_LANGUAGE_STANDARD = gnu99;
				GCC_DYNAMIC_NO_PIC = NO;
				GCC_OPTIMIZATION_LEVEL = 0;
				GCC_PREPROCESSOR_DEFINITIONS = (
					"DEBUG=1",
					"$(inherited)",
				);
				GCC_SYMBOLS_PRIVATE_EXTERN = NO;
				GCC_WARN_64_TO_32_BIT_CONVERSION = YES;
				GCC_WARN_ABOUT_RETURN_TYPE = YES_ERROR;
				GCC_WARN_UNDECLARED_SELECTOR = YES;
				GCC_WARN_UNINITIALIZED_AUTOS = YES_AGGRESSIVE;
				GCC_WARN_UNUSED_FUNCTION = YES;
				GCC_WARN_UNUSED_VARIABLE = YES;
				IPHONEOS_DEPLOYMENT_TARGET = 8.1;
				MTL_ENABLE_DEBUG_INFO = YES;
				ONLY_ACTIVE_ARCH = YES;
				SDKROOT = iphoneos;
				SWIFT_OPTIMIZATION_LEVEL = "-Onone";
			};
			name = Debug;
		};
		D4662CB41A8AD5A100ED3A02 /* Release */ = {
			isa = XCBuildConfiguration;
			buildSettings = {
				ALWAYS_SEARCH_USER_PATHS = NO;
				CLANG_CXX_LANGUAGE_STANDARD = "gnu++0x";
				CLANG_CXX_LIBRARY = "libc++";
				CLANG_ENABLE_MODULES = YES;
				CLANG_ENABLE_OBJC_ARC = YES;
				CLANG_WARN_BOOL_CONVERSION = YES;
				CLANG_WARN_CONSTANT_CONVERSION = YES;
				CLANG_WARN_DIRECT_OBJC_ISA_USAGE = YES_ERROR;
				CLANG_WARN_EMPTY_BODY = YES;
				CLANG_WARN_ENUM_CONVERSION = YES;
				CLANG_WARN_INT_CONVERSION = YES;
				CLANG_WARN_OBJC_ROOT_CLASS = YES_ERROR;
				CLANG_WARN_UNREACHABLE_CODE = YES;
				CLANG_WARN__DUPLICATE_METHOD_MATCH = YES;
				"CODE_SIGN_IDENTITY[sdk=iphoneos*]" = "iPhone Developer";
				COPY_PHASE_STRIP = YES;
				ENABLE_NS_ASSERTIONS = NO;
				ENABLE_STRICT_OBJC_MSGSEND = YES;
				GCC_C_LANGUAGE_STANDARD = gnu99;
				GCC_WARN_64_TO_32_BIT_CONVERSION = YES;
				GCC_WARN_ABOUT_RETURN_TYPE = YES_ERROR;
				GCC_WARN_UNDECLARED_SELECTOR = YES;
				GCC_WARN_UNINITIALIZED_AUTOS = YES_AGGRESSIVE;
				GCC_WARN_UNUSED_FUNCTION = YES;
				GCC_WARN_UNUSED_VARIABLE = YES;
				IPHONEOS_DEPLOYMENT_TARGET = 8.1;
				MTL_ENABLE_DEBUG_INFO = NO;
				SDKROOT = iphoneos;
				VALIDATE_PRODUCT = YES;
			};
			name = Release;
		};
		D4662CB61A8AD5A100ED3A02 /* Debug */ = {
			isa = XCBuildConfiguration;
			buildSettings = {
				ASSETCATALOG_COMPILER_APPICON_NAME = AppIcon;
				INFOPLIST_FILE = FurryFriends/Info.plist;
				LD_RUNPATH_SEARCH_PATHS = "$(inherited) @executable_path/Frameworks";
				PRODUCT_NAME = "$(TARGET_NAME)";
			};
			name = Debug;
		};
		D4662CB71A8AD5A100ED3A02 /* Release */ = {
			isa = XCBuildConfiguration;
			buildSettings = {
				ASSETCATALOG_COMPILER_APPICON_NAME = AppIcon;
				INFOPLIST_FILE = FurryFriends/Info.plist;
				LD_RUNPATH_SEARCH_PATHS = "$(inherited) @executable_path/Frameworks";
				PRODUCT_NAME = "$(TARGET_NAME)";
			};
			name = Release;
		};
		D4662CB91A8AD5A100ED3A02 /* Debug */ = {
			isa = XCBuildConfiguration;
			buildSettings = {
				BUNDLE_LOADER = "$(TEST_HOST)";
				FRAMEWORK_SEARCH_PATHS = (
					"$(SDKROOT)/Developer/Library/Frameworks",
					"$(inherited)",
				);
				GCC_PREPROCESSOR_DEFINITIONS = (
					"DEBUG=1",
					"$(inherited)",
				);
				INFOPLIST_FILE = FurryFriendsTests/Info.plist;
				LD_RUNPATH_SEARCH_PATHS = "$(inherited) @executable_path/Frameworks @loader_path/Frameworks";
				PRODUCT_NAME = "$(TARGET_NAME)";
				TEST_HOST = "$(BUILT_PRODUCTS_DIR)/FurryFriends.app/FurryFriends";
			};
			name = Debug;
		};
		D4662CBA1A8AD5A100ED3A02 /* Release */ = {
			isa = XCBuildConfiguration;
			buildSettings = {
				BUNDLE_LOADER = "$(TEST_HOST)";
				FRAMEWORK_SEARCH_PATHS = (
					"$(SDKROOT)/Developer/Library/Frameworks",
					"$(inherited)",
				);
				INFOPLIST_FILE = FurryFriendsTests/Info.plist;
				LD_RUNPATH_SEARCH_PATHS = "$(inherited) @executable_path/Frameworks @loader_path/Frameworks";
				PRODUCT_NAME = "$(TARGET_NAME)";
				TEST_HOST = "$(BUILT_PRODUCTS_DIR)/FurryFriends.app/FurryFriends";
			};
			name = Release;
		};
/* End XCBuildConfiguration section */

/* Begin XCConfigurationList section */
		D4662C911A8AD5A100ED3A02 /* Build configuration list for PBXProject "FurryFriends" */ = {
			isa = XCConfigurationList;
			buildConfigurations = (
				D4662CB31A8AD5A100ED3A02 /* Debug */,
				D4662CB41A8AD5A100ED3A02 /* Release */,
			);
			defaultConfigurationIsVisible = 0;
			defaultConfigurationName = Release;
		};
		D4662CB51A8AD5A100ED3A02 /* Build configuration list for PBXNativeTarget "FurryFriends" */ = {
			isa = XCConfigurationList;
			buildConfigurations = (
				D4662CB61A8AD5A100ED3A02 /* Debug */,
				D4662CB71A8AD5A100ED3A02 /* Release */,
			);
			defaultConfigurationIsVisible = 0;
		};
		D4662CB81A8AD5A100ED3A02 /* Build configuration list for PBXNativeTarget "FurryFriendsTests" */ = {
			isa = XCConfigurationList;
			buildConfigurations = (
				D4662CB91A8AD5A100ED3A02 /* Debug */,
				D4662CBA1A8AD5A100ED3A02 /* Release */,
			);
			defaultConfigurationIsVisible = 0;
		};
/* End XCConfigurationList section */
	};
	rootObject = D4662C8E1A8AD5A100ED3A02 /* Project object */;
}
